{
  "name": "JPQuiz",
  "lockfileVersion": 3,
  "requires": true,
  "packages": {
    "": {
      "dependencies": {
        "rubi": "^0.0.0"
      }
    },
    "node_modules/rubi": {
      "version": "0.0.0",
      "resolved": "https://registry.npmjs.org/rubi/-/rubi-0.0.0.tgz",
      "integrity": "sha512-F+4YQheyqDdm48DRJ72/lE7Ya5MgrQUCVnsrTpMnSk+yKjGyGXQEPEPJYZ9G/Tk5Xo6hpexlc5M49Tji4ahhIA==",
      "license": "MIT"
    }
  }
}
